
Microsoft Visual Studio Solution File, Format Version 12.00
# Visual Studio Version 16
VisualStudioVersion = 16.0.30503.244
MinimumVisualStudioVersion = 10.0.40219.1
Project("{FAE04EC0-301F-11D3-BF4B-00C04F79EFBC}") = "Citrullia.Library", "Citrullia.Library\Citrullia.Library.csproj", "{490B10E5-FEEB-445A-9B0B-66AD9BDB7F52}"
EndProject
Project("{FAE04EC0-301F-11D3-BF4B-00C04F79EFBC}") = "Citrullia.Library.Tests", "Citrullia.Library.Tests\Citrullia.Library.Tests.csproj", "{828EEDA3-5A50-4D7D-B967-0157098A52EA}"
EndProject
Global
	GlobalSection(SolutionConfigurationPlatforms) = preSolution
		Debug|Any CPU = Debug|Any CPU
		Release|Any CPU = Release|Any CPU
	EndGlobalSection
	GlobalSection(ProjectConfigurationPlatforms) = postSolution
		{490B10E5-FEEB-445A-9B0B-66AD9BDB7F52}.Debug|Any CPU.ActiveCfg = Debug|Any CPU
		{490B10E5-FEEB-445A-9B0B-66AD9BDB7F52}.Debug|Any CPU.Build.0 = Debug|Any CPU
		{490B10E5-FEEB-445A-9B0B-66AD9BDB7F52}.Release|Any CPU.ActiveCfg = Release|Any CPU
		{490B10E5-FEEB-445A-9B0B-66AD9BDB7F52}.Release|Any CPU.Build.0 = Release|Any CPU
		{828EEDA3-5A50-4D7D-B967-0157098A52EA}.Debug|Any CPU.ActiveCfg = Debug|Any CPU
		{828EEDA3-5A50-4D7D-B967-0157098A52EA}.Debug|Any CPU.Build.0 = Debug|Any CPU
		{828EEDA3-5A50-4D7D-B967-0157098A52EA}.Release|Any CPU.ActiveCfg = Release|Any CPU
		{828EEDA3-5A50-4D7D-B967-0157098A52EA}.Release|Any CPU.Build.0 = Release|Any CPU
	EndGlobalSection
	GlobalSection(SolutionProperties) = preSolution
		HideSolutionNode = FALSE
	EndGlobalSection
	GlobalSection(ExtensibilityGlobals) = postSolution
		SolutionGuid = {A49E5669-9795-481F-8A83-E1D2AEE19CE8}
	EndGlobalSection
EndGlobal
